{
  "pins" : [
    {
      "identity" : "cachedasyncimage",
      "kind" : "remoteSourceControl",
      "location" : "https://github.com/marcusziade/CachedAsyncImage.git",
      "state" : {
        "branch" : "master",
        "revision" : "9aaf4602ff0efa88d06f5998cf3e433cd7928467"
      }
    },
    {
      "identity" : "grdb.swift",
      "kind" : "remoteSourceControl",
      "location" : "https://github.com/groue/GRDB.swift.git",
      "state" : {
        "branch" : "master",
        "revision" : "d1ff0912f184f92103985e31ed9f99babf6dea9e"
      }
    }
  ],
  "version" : 2
}
