// !$*UTF8*$!
{
	archiveVersion = 1;
	classes = {
	};
	objectVersion = 56;
	objects = {

/* Begin PBXBuildFile section */
		5A0158012B3F4A6600048E79 /* ViewModel.swift in Sources */ = {isa = PBXBuildFile; fileRef = 5A0158002B3F4A6600048E79 /* ViewModel.swift */; };
		5A0158032B3F4BC800048E79 /* View-Components.swift in Sources */ = {isa = PBXBuildFile; fileRef = 5A0158022B3F4BC800048E79 /* View-Components.swift */; };
		5A1CD9762B3D1CA200AF0192 /* VibifyApp.swift in Sources */ = {isa = PBXBuildFile; fileRef = 5A1CD9752B3D1CA200AF0192 /* VibifyApp.swift */; };
		5A1CD9782B3D1CA200AF0192 /* ContentView.swift in Sources */ = {isa = PBXBuildFile; fileRef = 5A1CD9772B3D1CA200AF0192 /* ContentView.swift */; };
		5A1CD97A2B3D1CA300AF0192 /* Assets.xcassets in Resources */ = {isa = PBXBuildFile; fileRef = 5A1CD9792B3D1CA300AF0192 /* Assets.xcassets */; };
		5A1CD9842B3D1DC200AF0192 /* PlaylistGenerator.swift in Sources */ = {isa = PBXBuildFile; fileRef = 5A1CD9832B3D1DC200AF0192 /* PlaylistGenerator.swift */; };
		5A4523742B3FCC530026494C /* SongCardView.swift in Sources */ = {isa = PBXBuildFile; fileRef = 5A4523732B3FCC530026494C /* SongCardView.swift */; };
		5A4BFB2B2B4096EF00988D0E /* Date+Ext.swift in Sources */ = {isa = PBXBuildFile; fileRef = 5A4BFB2A2B4096EF00988D0E /* Date+Ext.swift */; };
		5A4BFB2D2B40A43100988D0E /* ImportProgressView.swift in Sources */ = {isa = PBXBuildFile; fileRef = 5A4BFB2C2B40A43100988D0E /* ImportProgressView.swift */; };
		5A4BFB2F2B40AFDC00988D0E /* SongMetaDataParser.swift in Sources */ = {isa = PBXBuildFile; fileRef = 5A4BFB2E2B40AFDC00988D0E /* SongMetaDataParser.swift */; };
		5A8979922B3E3944002FEEF6 /* AppleMusicImporter.swift in Sources */ = {isa = PBXBuildFile; fileRef = 5A8979912B3E3944002FEEF6 /* AppleMusicImporter.swift */; };
		5AB8FC3B2B4332EE008AC7C4 /* SongSearchCriteria.swift in Sources */ = {isa = PBXBuildFile; fileRef = 5AB8FC3A2B4332EE008AC7C4 /* SongSearchCriteria.swift */; };
		5AB8FC3D2B4494E7008AC7C4 /* LoadingProgressView.swift in Sources */ = {isa = PBXBuildFile; fileRef = 5AB8FC3C2B4494E7008AC7C4 /* LoadingProgressView.swift */; };
		5AD5A4B12B408BE7005FC577 /* String+Ext.swift in Sources */ = {isa = PBXBuildFile; fileRef = 5AD5A4B02B408BE7005FC577 /* String+Ext.swift */; };
		5AD5A4B32B408D88005FC577 /* SongMetaData.swift in Sources */ = {isa = PBXBuildFile; fileRef = 5AD5A4B22B408D88005FC577 /* SongMetaData.swift */; };
/* End PBXBuildFile section */

/* Begin PBXFileReference section */
		5A0158002B3F4A6600048E79 /* ViewModel.swift */ = {isa = PBXFileReference; lastKnownFileType = sourcecode.swift; path = ViewModel.swift; sourceTree = "<group>"; };
		5A0158022B3F4BC800048E79 /* View-Components.swift */ = {isa = PBXFileReference; lastKnownFileType = sourcecode.swift; path = "View-Components.swift"; sourceTree = "<group>"; };
		5A1CD9722B3D1CA200AF0192 /* Vibify.app */ = {isa = PBXFileReference; explicitFileType = wrapper.application; includeInIndex = 0; path = Vibify.app; sourceTree = BUILT_PRODUCTS_DIR; };
		5A1CD9752B3D1CA200AF0192 /* VibifyApp.swift */ = {isa = PBXFileReference; lastKnownFileType = sourcecode.swift; path = VibifyApp.swift; sourceTree = "<group>"; };
		5A1CD9772B3D1CA200AF0192 /* ContentView.swift */ = {isa = PBXFileReference; lastKnownFileType = sourcecode.swift; path = ContentView.swift; sourceTree = "<group>"; };
		5A1CD9792B3D1CA300AF0192 /* Assets.xcassets */ = {isa = PBXFileReference; lastKnownFileType = folder.assetcatalog; path = Assets.xcassets; sourceTree = "<group>"; };
		5A1CD9832B3D1DC200AF0192 /* PlaylistGenerator.swift */ = {isa = PBXFileReference; lastKnownFileType = sourcecode.swift; path = PlaylistGenerator.swift; sourceTree = "<group>"; };
		5A4523732B3FCC530026494C /* SongCardView.swift */ = {isa = PBXFileReference; lastKnownFileType = sourcecode.swift; path = SongCardView.swift; sourceTree = "<group>"; };
		5A4BFB2A2B4096EF00988D0E /* Date+Ext.swift */ = {isa = PBXFileReference; lastKnownFileType = sourcecode.swift; path = "Date+Ext.swift"; sourceTree = "<group>"; };
		5A4BFB2C2B40A43100988D0E /* ImportProgressView.swift */ = {isa = PBXFileReference; lastKnownFileType = sourcecode.swift; path = ImportProgressView.swift; sourceTree = "<group>"; };
		5A4BFB2E2B40AFDC00988D0E /* SongMetaDataParser.swift */ = {isa = PBXFileReference; lastKnownFileType = sourcecode.swift; path = SongMetaDataParser.swift; sourceTree = "<group>"; };
		5A8979912B3E3944002FEEF6 /* AppleMusicImporter.swift */ = {isa = PBXFileReference; lastKnownFileType = sourcecode.swift; path = AppleMusicImporter.swift; sourceTree = "<group>"; };
		5AB8FC3A2B4332EE008AC7C4 /* SongSearchCriteria.swift */ = {isa = PBXFileReference; lastKnownFileType = sourcecode.swift; path = SongSearchCriteria.swift; sourceTree = "<group>"; };
		5AB8FC3C2B4494E7008AC7C4 /* LoadingProgressView.swift */ = {isa = PBXFileReference; lastKnownFileType = sourcecode.swift; path = LoadingProgressView.swift; sourceTree = "<group>"; };
		5AD5A4B02B408BE7005FC577 /* String+Ext.swift */ = {isa = PBXFileReference; lastKnownFileType = sourcecode.swift; path = "String+Ext.swift"; sourceTree = "<group>"; };
		5AD5A4B22B408D88005FC577 /* SongMetaData.swift */ = {isa = PBXFileReference; lastKnownFileType = sourcecode.swift; path = SongMetaData.swift; sourceTree = "<group>"; };
/* End PBXFileReference section */

/* Begin PBXFrameworksBuildPhase section */
		5A1CD96F2B3D1CA200AF0192 /* Frameworks */ = {
			isa = PBXFrameworksBuildPhase;
			buildActionMask = 2147483647;
			files = (
			);
			runOnlyForDeploymentPostprocessing = 0;
		};
/* End PBXFrameworksBuildPhase section */

/* Begin PBXGroup section */
		5A1CD9692B3D1CA200AF0192 = {
			isa = PBXGroup;
			children = (
				5A1CD9742B3D1CA200AF0192 /* Vibify */,
				5A1CD9732B3D1CA200AF0192 /* Products */,
			);
			sourceTree = "<group>";
		};
		5A1CD9732B3D1CA200AF0192 /* Products */ = {
			isa = PBXGroup;
			children = (
				5A1CD9722B3D1CA200AF0192 /* Vibify.app */,
			);
			name = Products;
			sourceTree = "<group>";
		};
		5A1CD9742B3D1CA200AF0192 /* Vibify */ = {
			isa = PBXGroup;
			children = (
				5A1CD9752B3D1CA200AF0192 /* VibifyApp.swift */,
				5A1CD9772B3D1CA200AF0192 /* ContentView.swift */,
				5A4BFB2C2B40A43100988D0E /* ImportProgressView.swift */,
				5AB8FC3C2B4494E7008AC7C4 /* LoadingProgressView.swift */,
				5A4523732B3FCC530026494C /* SongCardView.swift */,
				5A0158002B3F4A6600048E79 /* ViewModel.swift */,
				5AB8FC3A2B4332EE008AC7C4 /* SongSearchCriteria.swift */,
				5A4BFB2E2B40AFDC00988D0E /* SongMetaDataParser.swift */,
				5AD5A4B22B408D88005FC577 /* SongMetaData.swift */,
				5A0158022B3F4BC800048E79 /* View-Components.swift */,
				5A8979912B3E3944002FEEF6 /* AppleMusicImporter.swift */,
				5A4BFB2A2B4096EF00988D0E /* Date+Ext.swift */,
				5AD5A4B02B408BE7005FC577 /* String+Ext.swift */,
				5A1CD9832B3D1DC200AF0192 /* PlaylistGenerator.swift */,
				5A1CD9882B3D234A00AF0192 /* Resources */,
			);
			path = Vibify;
			sourceTree = "<group>";
		};
		5A1CD9882B3D234A00AF0192 /* Resources */ = {
			isa = PBXGroup;
			children = (
				5A1CD9792B3D1CA300AF0192 /* Assets.xcassets */,
			);
			path = Resources;
			sourceTree = "<group>";
		};
/* End PBXGroup section */

/* Begin PBXNativeTarget section */
		5A1CD9712B3D1CA200AF0192 /* Vibify */ = {
			isa = PBXNativeTarget;
			buildConfigurationList = 5A1CD9802B3D1CA300AF0192 /* Build configuration list for PBXNativeTarget "Vibify" */;
			buildPhases = (
				5A4523722B3F72080026494C /* ShellScript */,
				5A1CD96E2B3D1CA200AF0192 /* Sources */,
				5A1CD96F2B3D1CA200AF0192 /* Frameworks */,
				5A1CD9702B3D1CA200AF0192 /* Resources */,
			);
			buildRules = (
			);
			dependencies = (
			);
			name = Vibify;
			productName = Vibify;
			productReference = 5A1CD9722B3D1CA200AF0192 /* Vibify.app */;
			productType = "com.apple.product-type.application";
		};
/* End PBXNativeTarget section */

/* Begin PBXProject section */
		5A1CD96A2B3D1CA200AF0192 /* Project object */ = {
			isa = PBXProject;
			attributes = {
				BuildIndependentTargetsInParallel = 1;
				LastSwiftUpdateCheck = 1520;
				LastUpgradeCheck = 1520;
				TargetAttributes = {
					5A1CD9712B3D1CA200AF0192 = {
						CreatedOnToolsVersion = 15.2;
					};
				};
			};
			buildConfigurationList = 5A1CD96D2B3D1CA200AF0192 /* Build configuration list for PBXProject "Vibify" */;
			compatibilityVersion = "Xcode 14.0";
			developmentRegion = en;
			hasScannedForEncodings = 0;
			knownRegions = (
				en,
				Base,
			);
			mainGroup = 5A1CD9692B3D1CA200AF0192;
			productRefGroup = 5A1CD9732B3D1CA200AF0192 /* Products */;
			projectDirPath = "";
			projectRoot = "";
			targets = (
				5A1CD9712B3D1CA200AF0192 /* Vibify */,
			);
		};
/* End PBXProject section */

/* Begin PBXResourcesBuildPhase section */
		5A1CD9702B3D1CA200AF0192 /* Resources */ = {
			isa = PBXResourcesBuildPhase;
			buildActionMask = 2147483647;
			files = (
				5A1CD97A2B3D1CA300AF0192 /* Assets.xcassets in Resources */,
			);
			runOnlyForDeploymentPostprocessing = 0;
		};
/* End PBXResourcesBuildPhase section */

/* Begin PBXShellScriptBuildPhase section */
		5A4523722B3F72080026494C /* ShellScript */ = {
			isa = PBXShellScriptBuildPhase;
			alwaysOutOfDate = 1;
			buildActionMask = 2147483647;
			files = (
			);
			inputFileListPaths = (
			);
			inputPaths = (
			);
			outputFileListPaths = (
			);
			outputPaths = (
			);
			runOnlyForDeploymentPostprocessing = 0;
			shellPath = /bin/sh;
			shellScript = "# Always print the root directory and environment variable to the log for debugging\necho \"SRCROOT: ${SRCROOT}\"\necho \"API_KEY (masked): ${API_KEY:0:4}********\"\n\n# Check if running in CI/CD environment (Xcode Cloud sets CI to TRUE)\nif [ \"$CI\" = \"TRUE\" ]; then\n    if [ -z \"${API_KEY}\" ]; then\n        echo \"API_KEY environment variable is not set.\"\n        exit 1\n    else\n        echo \"API_KEY environment variable is set.\"\n    fi\nelse\n    echo \"CI environment not detected, skipping script.\"\nfi\n";
		};
/* End PBXShellScriptBuildPhase section */

/* Begin PBXSourcesBuildPhase section */
		5A1CD96E2B3D1CA200AF0192 /* Sources */ = {
			isa = PBXSourcesBuildPhase;
			buildActionMask = 2147483647;
			files = (
				5AB8FC3D2B4494E7008AC7C4 /* LoadingProgressView.swift in Sources */,
				5A1CD9782B3D1CA200AF0192 /* ContentView.swift in Sources */,
				5A0158032B3F4BC800048E79 /* View-Components.swift in Sources */,
				5A8979922B3E3944002FEEF6 /* AppleMusicImporter.swift in Sources */,
				5A4BFB2D2B40A43100988D0E /* ImportProgressView.swift in Sources */,
				5A1CD9842B3D1DC200AF0192 /* PlaylistGenerator.swift in Sources */,
				5A0158012B3F4A6600048E79 /* ViewModel.swift in Sources */,
				5A1CD9762B3D1CA200AF0192 /* VibifyApp.swift in Sources */,
				5AD5A4B12B408BE7005FC577 /* String+Ext.swift in Sources */,
				5A4BFB2F2B40AFDC00988D0E /* SongMetaDataParser.swift in Sources */,
				5AD5A4B32B408D88005FC577 /* SongMetaData.swift in Sources */,
				5A4523742B3FCC530026494C /* SongCardView.swift in Sources */,
				5A4BFB2B2B4096EF00988D0E /* Date+Ext.swift in Sources */,
				5AB8FC3B2B4332EE008AC7C4 /* SongSearchCriteria.swift in Sources */,
			);
			runOnlyForDeploymentPostprocessing = 0;
		};
/* End PBXSourcesBuildPhase section */

/* Begin XCBuildConfiguration section */
		5A1CD97E2B3D1CA300AF0192 /* Debug */ = {
			isa = XCBuildConfiguration;
			buildSettings = {
				ALWAYS_SEARCH_USER_PATHS = NO;
				ASSETCATALOG_COMPILER_GENERATE_SWIFT_ASSET_SYMBOL_EXTENSIONS = YES;
				CLANG_ANALYZER_NONNULL = YES;
				CLANG_ANALYZER_NUMBER_OBJECT_CONVERSION = YES_AGGRESSIVE;
				CLANG_CXX_LANGUAGE_STANDARD = "gnu++20";
				CLANG_ENABLE_MODULES = YES;
				CLANG_ENABLE_OBJC_ARC = YES;
				CLANG_ENABLE_OBJC_WEAK = YES;
				CLANG_WARN_BLOCK_CAPTURE_AUTORELEASING = YES;
				CLANG_WARN_BOOL_CONVERSION = YES;
				CLANG_WARN_COMMA = YES;
				CLANG_WARN_CONSTANT_CONVERSION = YES;
				CLANG_WARN_DEPRECATED_OBJC_IMPLEMENTATIONS = YES;
				CLANG_WARN_DIRECT_OBJC_ISA_USAGE = YES_ERROR;
				CLANG_WARN_DOCUMENTATION_COMMENTS = YES;
				CLANG_WARN_EMPTY_BODY = YES;
				CLANG_WARN_ENUM_CONVERSION = YES;
				CLANG_WARN_INFINITE_RECURSION = YES;
				CLANG_WARN_INT_CONVERSION = YES;
				CLANG_WARN_NON_LITERAL_NULL_CONVERSION = YES;
				CLANG_WARN_OBJC_IMPLICIT_RETAIN_SELF = YES;
				CLANG_WARN_OBJC_LITERAL_CONVERSION = YES;
				CLANG_WARN_OBJC_ROOT_CLASS = YES_ERROR;
				CLANG_WARN_QUOTED_INCLUDE_IN_FRAMEWORK_HEADER = YES;
				CLANG_WARN_RANGE_LOOP_ANALYSIS = YES;
				CLANG_WARN_STRICT_PROTOTYPES = YES;
				CLANG_WARN_SUSPICIOUS_MOVE = YES;
				CLANG_WARN_UNGUARDED_AVAILABILITY = YES_AGGRESSIVE;
				CLANG_WARN_UNREACHABLE_CODE = YES;
				CLANG_WARN__DUPLICATE_METHOD_MATCH = YES;
				COPY_PHASE_STRIP = NO;
				DEBUG_INFORMATION_FORMAT = dwarf;
				ENABLE_STRICT_OBJC_MSGSEND = YES;
				ENABLE_TESTABILITY = YES;
				ENABLE_USER_SCRIPT_SANDBOXING = YES;
				GCC_C_LANGUAGE_STANDARD = gnu17;
				GCC_DYNAMIC_NO_PIC = NO;
				GCC_NO_COMMON_BLOCKS = YES;
				GCC_OPTIMIZATION_LEVEL = 0;
				GCC_PREPROCESSOR_DEFINITIONS = (
					"DEBUG=1",
					"$(inherited)",
				);
				GCC_WARN_64_TO_32_BIT_CONVERSION = YES;
				GCC_WARN_ABOUT_RETURN_TYPE = YES_ERROR;
				GCC_WARN_UNDECLARED_SELECTOR = YES;
				GCC_WARN_UNINITIALIZED_AUTOS = YES_AGGRESSIVE;
				GCC_WARN_UNUSED_FUNCTION = YES;
				GCC_WARN_UNUSED_VARIABLE = YES;
				IPHONEOS_DEPLOYMENT_TARGET = 17.2;
				LOCALIZATION_PREFERS_STRING_CATALOGS = YES;
				MTL_ENABLE_DEBUG_INFO = INCLUDE_SOURCE;
				MTL_FAST_MATH = YES;
				ONLY_ACTIVE_ARCH = YES;
				SDKROOT = iphoneos;
				SWIFT_ACTIVE_COMPILATION_CONDITIONS = "DEBUG $(inherited)";
				SWIFT_OPTIMIZATION_LEVEL = "-Onone";
			};
			name = Debug;
		};
		5A1CD97F2B3D1CA300AF0192 /* Release */ = {
			isa = XCBuildConfiguration;
			buildSettings = {
				ALWAYS_SEARCH_USER_PATHS = NO;
				ASSETCATALOG_COMPILER_GENERATE_SWIFT_ASSET_SYMBOL_EXTENSIONS = YES;
				CLANG_ANALYZER_NONNULL = YES;
				CLANG_ANALYZER_NUMBER_OBJECT_CONVERSION = YES_AGGRESSIVE;
				CLANG_CXX_LANGUAGE_STANDARD = "gnu++20";
				CLANG_ENABLE_MODULES = YES;
				CLANG_ENABLE_OBJC_ARC = YES;
				CLANG_ENABLE_OBJC_WEAK = YES;
				CLANG_WARN_BLOCK_CAPTURE_AUTORELEASING = YES;
				CLANG_WARN_BOOL_CONVERSION = YES;
				CLANG_WARN_COMMA = YES;
				CLANG_WARN_CONSTANT_CONVERSION = YES;
				CLANG_WARN_DEPRECATED_OBJC_IMPLEMENTATIONS = YES;
				CLANG_WARN_DIRECT_OBJC_ISA_USAGE = YES_ERROR;
				CLANG_WARN_DOCUMENTATION_COMMENTS = YES;
				CLANG_WARN_EMPTY_BODY = YES;
				CLANG_WARN_ENUM_CONVERSION = YES;
				CLANG_WARN_INFINITE_RECURSION = YES;
				CLANG_WARN_INT_CONVERSION = YES;
				CLANG_WARN_NON_LITERAL_NULL_CONVERSION = YES;
				CLANG_WARN_OBJC_IMPLICIT_RETAIN_SELF = YES;
				CLANG_WARN_OBJC_LITERAL_CONVERSION = YES;
				CLANG_WARN_OBJC_ROOT_CLASS = YES_ERROR;
				CLANG_WARN_QUOTED_INCLUDE_IN_FRAMEWORK_HEADER = YES;
				CLANG_WARN_RANGE_LOOP_ANALYSIS = YES;
				CLANG_WARN_STRICT_PROTOTYPES = YES;
				CLANG_WARN_SUSPICIOUS_MOVE = YES;
				CLANG_WARN_UNGUARDED_AVAILABILITY = YES_AGGRESSIVE;
				CLANG_WARN_UNREACHABLE_CODE = YES;
				CLANG_WARN__DUPLICATE_METHOD_MATCH = YES;
				COPY_PHASE_STRIP = NO;
				DEBUG_INFORMATION_FORMAT = "dwarf-with-dsym";
				ENABLE_NS_ASSERTIONS = NO;
				ENABLE_STRICT_OBJC_MSGSEND = YES;
				ENABLE_USER_SCRIPT_SANDBOXING = YES;
				GCC_C_LANGUAGE_STANDARD = gnu17;
				GCC_NO_COMMON_BLOCKS = YES;
				GCC_WARN_64_TO_32_BIT_CONVERSION = YES;
				GCC_WARN_ABOUT_RETURN_TYPE = YES_ERROR;
				GCC_WARN_UNDECLARED_SELECTOR = YES;
				GCC_WARN_UNINITIALIZED_AUTOS = YES_AGGRESSIVE;
				GCC_WARN_UNUSED_FUNCTION = YES;
				GCC_WARN_UNUSED_VARIABLE = YES;
				IPHONEOS_DEPLOYMENT_TARGET = 17.2;
				LOCALIZATION_PREFERS_STRING_CATALOGS = YES;
				MTL_ENABLE_DEBUG_INFO = NO;
				MTL_FAST_MATH = YES;
				SDKROOT = iphoneos;
				SWIFT_COMPILATION_MODE = wholemodule;
				VALIDATE_PRODUCT = YES;
			};
			name = Release;
		};
		5A1CD9812B3D1CA300AF0192 /* Debug */ = {
			isa = XCBuildConfiguration;
			buildSettings = {
				ASSETCATALOG_COMPILER_APPICON_NAME = AppIcon;
				ASSETCATALOG_COMPILER_GLOBAL_ACCENT_COLOR_NAME = AccentColor;
				CODE_SIGN_STYLE = Automatic;
				CURRENT_PROJECT_VERSION = 1;
				DEVELOPMENT_TEAM = P4DQK6SRKR;
				ENABLE_PREVIEWS = YES;
				GENERATE_INFOPLIST_FILE = YES;
				INFOPLIST_KEY_NSAppleMusicUsageDescription = "We need access to your Apple Music account to add new playlists";
				INFOPLIST_KEY_UIApplicationSceneManifest_Generation = YES;
				INFOPLIST_KEY_UIApplicationSupportsIndirectInputEvents = YES;
				INFOPLIST_KEY_UILaunchScreen_Generation = YES;
				INFOPLIST_KEY_UISupportedInterfaceOrientations_iPad = "UIInterfaceOrientationPortrait UIInterfaceOrientationPortraitUpsideDown UIInterfaceOrientationLandscapeLeft UIInterfaceOrientationLandscapeRight";
				INFOPLIST_KEY_UISupportedInterfaceOrientations_iPhone = "UIInterfaceOrientationPortrait UIInterfaceOrientationLandscapeLeft UIInterfaceOrientationLandscapeRight";
				LD_RUNPATH_SEARCH_PATHS = (
					"$(inherited)",
					"@executable_path/Frameworks",
				);
				MARKETING_VERSION = 1.0;
				PRODUCT_BUNDLE_IDENTIFIER = com.marcusziade.Vibify.app;
				PRODUCT_NAME = "$(TARGET_NAME)";
				SWIFT_EMIT_LOC_STRINGS = YES;
				SWIFT_VERSION = 5.0;
				TARGETED_DEVICE_FAMILY = "1,2";
			};
			name = Debug;
		};
		5A1CD9822B3D1CA300AF0192 /* Release */ = {
			isa = XCBuildConfiguration;
			buildSettings = {
				ASSETCATALOG_COMPILER_APPICON_NAME = AppIcon;
				ASSETCATALOG_COMPILER_GLOBAL_ACCENT_COLOR_NAME = AccentColor;
				CODE_SIGN_STYLE = Automatic;
				CURRENT_PROJECT_VERSION = 1;
				DEVELOPMENT_TEAM = P4DQK6SRKR;
				ENABLE_PREVIEWS = YES;
				GENERATE_INFOPLIST_FILE = YES;
				INFOPLIST_KEY_NSAppleMusicUsageDescription = "We need access to your Apple Music account to add new playlists";
				INFOPLIST_KEY_UIApplicationSceneManifest_Generation = YES;
				INFOPLIST_KEY_UIApplicationSupportsIndirectInputEvents = YES;
				INFOPLIST_KEY_UILaunchScreen_Generation = YES;
				INFOPLIST_KEY_UISupportedInterfaceOrientations_iPad = "UIInterfaceOrientationPortrait UIInterfaceOrientationPortraitUpsideDown UIInterfaceOrientationLandscapeLeft UIInterfaceOrientationLandscapeRight";
				INFOPLIST_KEY_UISupportedInterfaceOrientations_iPhone = "UIInterfaceOrientationPortrait UIInterfaceOrientationLandscapeLeft UIInterfaceOrientationLandscapeRight";
				LD_RUNPATH_SEARCH_PATHS = (
					"$(inherited)",
					"@executable_path/Frameworks",
				);
				MARKETING_VERSION = 1.0;
				PRODUCT_BUNDLE_IDENTIFIER = com.marcusziade.Vibify.app;
				PRODUCT_NAME = "$(TARGET_NAME)";
				SWIFT_EMIT_LOC_STRINGS = YES;
				SWIFT_VERSION = 5.0;
				TARGETED_DEVICE_FAMILY = "1,2";
			};
			name = Release;
		};
/* End XCBuildConfiguration section */

/* Begin XCConfigurationList section */
		5A1CD96D2B3D1CA200AF0192 /* Build configuration list for PBXProject "Vibify" */ = {
			isa = XCConfigurationList;
			buildConfigurations = (
				5A1CD97E2B3D1CA300AF0192 /* Debug */,
				5A1CD97F2B3D1CA300AF0192 /* Release */,
			);
			defaultConfigurationIsVisible = 0;
			defaultConfigurationName = Release;
		};
		5A1CD9802B3D1CA300AF0192 /* Build configuration list for PBXNativeTarget "Vibify" */ = {
			isa = XCConfigurationList;
			buildConfigurations = (
				5A1CD9812B3D1CA300AF0192 /* Debug */,
				5A1CD9822B3D1CA300AF0192 /* Release */,
			);
			defaultConfigurationIsVisible = 0;
			defaultConfigurationName = Release;
		};
/* End XCConfigurationList section */
	};
	rootObject = 5A1CD96A2B3D1CA200AF0192 /* Project object */;
}
