// !$*UTF8*$!
{
	archiveVersion = 1;
	classes = {
	};
	objectVersion = 56;
	objects = {

/* Begin PBXBuildFile section */
		5A0158012B3F4A6600048E79 /* PlaylistGeneratorVM.swift in Sources */ = {isa = PBXBuildFile; fileRef = 5A0158002B3F4A6600048E79 /* PlaylistGeneratorVM.swift */; };
		5A0158032B3F4BC800048E79 /* Buttonstyles.swift in Sources */ = {isa = PBXBuildFile; fileRef = 5A0158022B3F4BC800048E79 /* Buttonstyles.swift */; };
		5A0D89542B450964003420A8 /* PlaylistHistoryVM.swift in Sources */ = {isa = PBXBuildFile; fileRef = 5A0D89532B450964003420A8 /* PlaylistHistoryVM.swift */; };
		5A0D89562B450ACC003420A8 /* DBPlaylist.swift in Sources */ = {isa = PBXBuildFile; fileRef = 5A0D89552B450ACC003420A8 /* DBPlaylist.swift */; };
		5A0D89582B45160E003420A8 /* PlaylistHistoryView.swift in Sources */ = {isa = PBXBuildFile; fileRef = 5A0D89572B45160E003420A8 /* PlaylistHistoryView.swift */; };
		5A0DCA1A2B4860E3007A0B72 /* Double+Ext.swift in Sources */ = {isa = PBXBuildFile; fileRef = 5A0DCA192B4860E3007A0B72 /* Double+Ext.swift */; };
		5A1CAB4E2B4B66570063B102 /* CachedAsyncImage in Frameworks */ = {isa = PBXBuildFile; productRef = 5A1CAB4D2B4B66570063B102 /* CachedAsyncImage */; };
		5A1CD9762B3D1CA200AF0192 /* VibifyApp.swift in Sources */ = {isa = PBXBuildFile; fileRef = 5A1CD9752B3D1CA200AF0192 /* VibifyApp.swift */; };
		5A1CD9782B3D1CA200AF0192 /* PlaylistGeneratorView.swift in Sources */ = {isa = PBXBuildFile; fileRef = 5A1CD9772B3D1CA200AF0192 /* PlaylistGeneratorView.swift */; };
		5A1CD97A2B3D1CA300AF0192 /* Assets.xcassets in Resources */ = {isa = PBXBuildFile; fileRef = 5A1CD9792B3D1CA300AF0192 /* Assets.xcassets */; };
		5A1CD9842B3D1DC200AF0192 /* PlaylistGenerator.swift in Sources */ = {isa = PBXBuildFile; fileRef = 5A1CD9832B3D1DC200AF0192 /* PlaylistGenerator.swift */; };
		5A2E05472B5228E100B5B8EE /* MusicServiceType.swift in Sources */ = {isa = PBXBuildFile; fileRef = 5A2E05462B5228E100B5B8EE /* MusicServiceType.swift */; };
		5A4523742B3FCC530026494C /* SongCardView.swift in Sources */ = {isa = PBXBuildFile; fileRef = 5A4523732B3FCC530026494C /* SongCardView.swift */; };
		5A4BFB2B2B4096EF00988D0E /* Date+Ext.swift in Sources */ = {isa = PBXBuildFile; fileRef = 5A4BFB2A2B4096EF00988D0E /* Date+Ext.swift */; };
		5A4BFB2D2B40A43100988D0E /* CustomProgressView.swift in Sources */ = {isa = PBXBuildFile; fileRef = 5A4BFB2C2B40A43100988D0E /* CustomProgressView.swift */; };
		5A4BFB2F2B40AFDC00988D0E /* SongMetaDataParser.swift in Sources */ = {isa = PBXBuildFile; fileRef = 5A4BFB2E2B40AFDC00988D0E /* SongMetaDataParser.swift */; };
		5A4EC66D2B4CF1DA00894E13 /* FavoriteArtistTextField.swift in Sources */ = {isa = PBXBuildFile; fileRef = 5A4EC66C2B4CF1DA00894E13 /* FavoriteArtistTextField.swift */; };
		5A4EC66F2B4CF1EC00894E13 /* SurpriseMeButton.swift in Sources */ = {isa = PBXBuildFile; fileRef = 5A4EC66E2B4CF1EC00894E13 /* SurpriseMeButton.swift */; };
		5A4EC6712B4CF1FF00894E13 /* SharePlaylistButton.swift in Sources */ = {isa = PBXBuildFile; fileRef = 5A4EC6702B4CF1FF00894E13 /* SharePlaylistButton.swift */; };
		5A51C1B82B55AD2900AD1D51 /* TagLayoutView.swift in Sources */ = {isa = PBXBuildFile; fileRef = 5A51C1B72B55AD2900AD1D51 /* TagLayoutView.swift */; };
		5A7430582B5A0089000FB9BA /* GPTEndpoint.swift in Sources */ = {isa = PBXBuildFile; fileRef = 5A7430572B5A0089000FB9BA /* GPTEndpoint.swift */; };
		5A74305A2B5A00AE000FB9BA /* URLSessionNetworkService.swift in Sources */ = {isa = PBXBuildFile; fileRef = 5A7430592B5A00AE000FB9BA /* URLSessionNetworkService.swift */; };
		5A74305C2B5A093F000FB9BA /* Endpoint.swift in Sources */ = {isa = PBXBuildFile; fileRef = 5A74305B2B5A093F000FB9BA /* Endpoint.swift */; };
		5A74305E2B5A0989000FB9BA /* DalleEndpoint.swift in Sources */ = {isa = PBXBuildFile; fileRef = 5A74305D2B5A0989000FB9BA /* DalleEndpoint.swift */; };
		5A7430602B5A09D1000FB9BA /* DalleRequest.swift in Sources */ = {isa = PBXBuildFile; fileRef = 5A74305F2B5A09D1000FB9BA /* DalleRequest.swift */; };
		5A7430622B5A0CD0000FB9BA /* DalleResponse.swift in Sources */ = {isa = PBXBuildFile; fileRef = 5A7430612B5A0CD0000FB9BA /* DalleResponse.swift */; };
		5A74F2F82B5CAB9E00042398 /* DalleGenerator.swift in Sources */ = {isa = PBXBuildFile; fileRef = 5A74F2F72B5CAB9E00042398 /* DalleGenerator.swift */; };
		5A7747AB2B4F761200B26A2D /* DecadePickerView.swift in Sources */ = {isa = PBXBuildFile; fileRef = 5A7747AA2B4F761200B26A2D /* DecadePickerView.swift */; };
		5A7747AD2B4F764A00B26A2D /* NumberOfSongsCounterView.swift in Sources */ = {isa = PBXBuildFile; fileRef = 5A7747AC2B4F764A00B26A2D /* NumberOfSongsCounterView.swift */; };
		5A7C48862B5DBE1D0002A61E /* dalle-sample.png in Resources */ = {isa = PBXBuildFile; fileRef = 5A7C48852B5DBE1D0002A61E /* dalle-sample.png */; };
		5A8979922B3E3944002FEEF6 /* AppleMusicImporter.swift in Sources */ = {isa = PBXBuildFile; fileRef = 5A8979912B3E3944002FEEF6 /* AppleMusicImporter.swift */; };
		5A8C28DD2B53116600BD12E6 /* AsyncButton.swift in Sources */ = {isa = PBXBuildFile; fileRef = 5A8C28DC2B53116600BD12E6 /* AsyncButton.swift */; };
		5AA3AC712B5CB09400B3BAC7 /* Array+Ext.swift in Sources */ = {isa = PBXBuildFile; fileRef = 5AA3AC702B5CB09400B3BAC7 /* Array+Ext.swift */; };
		5AA5E5D22B5C2B530048FE2F /* GPTResponse.swift in Sources */ = {isa = PBXBuildFile; fileRef = 5AA5E5D12B5C2B530048FE2F /* GPTResponse.swift */; };
		5AA5E5D42B5C2B570048FE2F /* GPTRequest.swift in Sources */ = {isa = PBXBuildFile; fileRef = 5AA5E5D32B5C2B570048FE2F /* GPTRequest.swift */; };
		5AB8FC3B2B4332EE008AC7C4 /* SongSearchCriteria.swift in Sources */ = {isa = PBXBuildFile; fileRef = 5AB8FC3A2B4332EE008AC7C4 /* SongSearchCriteria.swift */; };
		5AC0B7D42B45065C00971FF9 /* GRDB in Frameworks */ = {isa = PBXBuildFile; productRef = 5AC0B7D32B45065C00971FF9 /* GRDB */; };
		5AC0B7D62B45069E00971FF9 /* DBSongMetadata.swift in Sources */ = {isa = PBXBuildFile; fileRef = 5AC0B7D52B45069E00971FF9 /* DBSongMetadata.swift */; };
		5AC0B7D82B4506EA00971FF9 /* DatabaseManager.swift in Sources */ = {isa = PBXBuildFile; fileRef = 5AC0B7D72B4506EA00971FF9 /* DatabaseManager.swift */; };
		5AD5A4B12B408BE7005FC577 /* String+Ext.swift in Sources */ = {isa = PBXBuildFile; fileRef = 5AD5A4B02B408BE7005FC577 /* String+Ext.swift */; };
		5AE3F65E2B4E51F600EA8329 /* AdvancedSearchCriteriaView.swift in Sources */ = {isa = PBXBuildFile; fileRef = 5AE3F65D2B4E51F600EA8329 /* AdvancedSearchCriteriaView.swift */; };
		5AE3F6602B4E520900EA8329 /* AdvancedSearchCriteriaVM.swift in Sources */ = {isa = PBXBuildFile; fileRef = 5AE3F65F2B4E520900EA8329 /* AdvancedSearchCriteriaVM.swift */; };
		5AFBF0CC2B5768FA006CF79E /* TagCapsuleView.swift in Sources */ = {isa = PBXBuildFile; fileRef = 5AFBF0CB2B5768FA006CF79E /* TagCapsuleView.swift */; };
/* End PBXBuildFile section */

/* Begin PBXFileReference section */
		5A0158002B3F4A6600048E79 /* PlaylistGeneratorVM.swift */ = {isa = PBXFileReference; lastKnownFileType = sourcecode.swift; path = PlaylistGeneratorVM.swift; sourceTree = "<group>"; };
		5A0158022B3F4BC800048E79 /* Buttonstyles.swift */ = {isa = PBXFileReference; lastKnownFileType = sourcecode.swift; path = Buttonstyles.swift; sourceTree = "<group>"; };
		5A0D89532B450964003420A8 /* PlaylistHistoryVM.swift */ = {isa = PBXFileReference; lastKnownFileType = sourcecode.swift; path = PlaylistHistoryVM.swift; sourceTree = "<group>"; };
		5A0D89552B450ACC003420A8 /* DBPlaylist.swift */ = {isa = PBXFileReference; lastKnownFileType = sourcecode.swift; path = DBPlaylist.swift; sourceTree = "<group>"; };
		5A0D89572B45160E003420A8 /* PlaylistHistoryView.swift */ = {isa = PBXFileReference; lastKnownFileType = sourcecode.swift; path = PlaylistHistoryView.swift; sourceTree = "<group>"; };
		5A0DCA192B4860E3007A0B72 /* Double+Ext.swift */ = {isa = PBXFileReference; lastKnownFileType = sourcecode.swift; path = "Double+Ext.swift"; sourceTree = "<group>"; };
		5A1CD9722B3D1CA200AF0192 /* Vibify.app */ = {isa = PBXFileReference; explicitFileType = wrapper.application; includeInIndex = 0; path = Vibify.app; sourceTree = BUILT_PRODUCTS_DIR; };
		5A1CD9752B3D1CA200AF0192 /* VibifyApp.swift */ = {isa = PBXFileReference; lastKnownFileType = sourcecode.swift; path = VibifyApp.swift; sourceTree = "<group>"; };
		5A1CD9772B3D1CA200AF0192 /* PlaylistGeneratorView.swift */ = {isa = PBXFileReference; lastKnownFileType = sourcecode.swift; path = PlaylistGeneratorView.swift; sourceTree = "<group>"; };
		5A1CD9792B3D1CA300AF0192 /* Assets.xcassets */ = {isa = PBXFileReference; lastKnownFileType = folder.assetcatalog; path = Assets.xcassets; sourceTree = "<group>"; };
		5A1CD9832B3D1DC200AF0192 /* PlaylistGenerator.swift */ = {isa = PBXFileReference; lastKnownFileType = sourcecode.swift; path = PlaylistGenerator.swift; sourceTree = "<group>"; };
		5A2E05462B5228E100B5B8EE /* MusicServiceType.swift */ = {isa = PBXFileReference; lastKnownFileType = sourcecode.swift; path = MusicServiceType.swift; sourceTree = "<group>"; };
		5A4523732B3FCC530026494C /* SongCardView.swift */ = {isa = PBXFileReference; lastKnownFileType = sourcecode.swift; path = SongCardView.swift; sourceTree = "<group>"; };
		5A4BFB2A2B4096EF00988D0E /* Date+Ext.swift */ = {isa = PBXFileReference; lastKnownFileType = sourcecode.swift; path = "Date+Ext.swift"; sourceTree = "<group>"; };
		5A4BFB2C2B40A43100988D0E /* CustomProgressView.swift */ = {isa = PBXFileReference; lastKnownFileType = sourcecode.swift; path = CustomProgressView.swift; sourceTree = "<group>"; };
		5A4BFB2E2B40AFDC00988D0E /* SongMetaDataParser.swift */ = {isa = PBXFileReference; lastKnownFileType = sourcecode.swift; path = SongMetaDataParser.swift; sourceTree = "<group>"; };
		5A4EC66C2B4CF1DA00894E13 /* FavoriteArtistTextField.swift */ = {isa = PBXFileReference; lastKnownFileType = sourcecode.swift; path = FavoriteArtistTextField.swift; sourceTree = "<group>"; };
		5A4EC66E2B4CF1EC00894E13 /* SurpriseMeButton.swift */ = {isa = PBXFileReference; lastKnownFileType = sourcecode.swift; path = SurpriseMeButton.swift; sourceTree = "<group>"; };
		5A4EC6702B4CF1FF00894E13 /* SharePlaylistButton.swift */ = {isa = PBXFileReference; lastKnownFileType = sourcecode.swift; path = SharePlaylistButton.swift; sourceTree = "<group>"; };
		5A51C1B72B55AD2900AD1D51 /* TagLayoutView.swift */ = {isa = PBXFileReference; lastKnownFileType = sourcecode.swift; path = TagLayoutView.swift; sourceTree = "<group>"; };
		5A7430572B5A0089000FB9BA /* GPTEndpoint.swift */ = {isa = PBXFileReference; lastKnownFileType = sourcecode.swift; path = GPTEndpoint.swift; sourceTree = "<group>"; };
		5A7430592B5A00AE000FB9BA /* URLSessionNetworkService.swift */ = {isa = PBXFileReference; lastKnownFileType = sourcecode.swift; path = URLSessionNetworkService.swift; sourceTree = "<group>"; };
		5A74305B2B5A093F000FB9BA /* Endpoint.swift */ = {isa = PBXFileReference; lastKnownFileType = sourcecode.swift; path = Endpoint.swift; sourceTree = "<group>"; };
		5A74305D2B5A0989000FB9BA /* DalleEndpoint.swift */ = {isa = PBXFileReference; lastKnownFileType = sourcecode.swift; path = DalleEndpoint.swift; sourceTree = "<group>"; };
		5A74305F2B5A09D1000FB9BA /* DalleRequest.swift */ = {isa = PBXFileReference; lastKnownFileType = sourcecode.swift; path = DalleRequest.swift; sourceTree = "<group>"; };
		5A7430612B5A0CD0000FB9BA /* DalleResponse.swift */ = {isa = PBXFileReference; lastKnownFileType = sourcecode.swift; path = DalleResponse.swift; sourceTree = "<group>"; };
		5A74F2F72B5CAB9E00042398 /* DalleGenerator.swift */ = {isa = PBXFileReference; lastKnownFileType = sourcecode.swift; path = DalleGenerator.swift; sourceTree = "<group>"; };
		5A7747AA2B4F761200B26A2D /* DecadePickerView.swift */ = {isa = PBXFileReference; lastKnownFileType = sourcecode.swift; path = DecadePickerView.swift; sourceTree = "<group>"; };
		5A7747AC2B4F764A00B26A2D /* NumberOfSongsCounterView.swift */ = {isa = PBXFileReference; lastKnownFileType = sourcecode.swift; path = NumberOfSongsCounterView.swift; sourceTree = "<group>"; };
		5A7C48852B5DBE1D0002A61E /* dalle-sample.png */ = {isa = PBXFileReference; lastKnownFileType = image.png; path = "dalle-sample.png"; sourceTree = "<group>"; };
		5A8979912B3E3944002FEEF6 /* AppleMusicImporter.swift */ = {isa = PBXFileReference; lastKnownFileType = sourcecode.swift; path = AppleMusicImporter.swift; sourceTree = "<group>"; };
		5A8C28DC2B53116600BD12E6 /* AsyncButton.swift */ = {isa = PBXFileReference; lastKnownFileType = sourcecode.swift; path = AsyncButton.swift; sourceTree = "<group>"; };
		5AA3AC702B5CB09400B3BAC7 /* Array+Ext.swift */ = {isa = PBXFileReference; lastKnownFileType = sourcecode.swift; path = "Array+Ext.swift"; sourceTree = "<group>"; };
		5AA5E5D12B5C2B530048FE2F /* GPTResponse.swift */ = {isa = PBXFileReference; lastKnownFileType = sourcecode.swift; path = GPTResponse.swift; sourceTree = "<group>"; };
		5AA5E5D32B5C2B570048FE2F /* GPTRequest.swift */ = {isa = PBXFileReference; lastKnownFileType = sourcecode.swift; path = GPTRequest.swift; sourceTree = "<group>"; };
		5AB8FC3A2B4332EE008AC7C4 /* SongSearchCriteria.swift */ = {isa = PBXFileReference; lastKnownFileType = sourcecode.swift; path = SongSearchCriteria.swift; sourceTree = "<group>"; };
		5AC0B7D52B45069E00971FF9 /* DBSongMetadata.swift */ = {isa = PBXFileReference; lastKnownFileType = sourcecode.swift; path = DBSongMetadata.swift; sourceTree = "<group>"; };
		5AC0B7D72B4506EA00971FF9 /* DatabaseManager.swift */ = {isa = PBXFileReference; lastKnownFileType = sourcecode.swift; path = DatabaseManager.swift; sourceTree = "<group>"; };
		5AD5A4B02B408BE7005FC577 /* String+Ext.swift */ = {isa = PBXFileReference; lastKnownFileType = sourcecode.swift; path = "String+Ext.swift"; sourceTree = "<group>"; };
		5AE3F65D2B4E51F600EA8329 /* AdvancedSearchCriteriaView.swift */ = {isa = PBXFileReference; lastKnownFileType = sourcecode.swift; path = AdvancedSearchCriteriaView.swift; sourceTree = "<group>"; };
		5AE3F65F2B4E520900EA8329 /* AdvancedSearchCriteriaVM.swift */ = {isa = PBXFileReference; lastKnownFileType = sourcecode.swift; path = AdvancedSearchCriteriaVM.swift; sourceTree = "<group>"; };
		5AFBF0CB2B5768FA006CF79E /* TagCapsuleView.swift */ = {isa = PBXFileReference; lastKnownFileType = sourcecode.swift; path = TagCapsuleView.swift; sourceTree = "<group>"; };
/* End PBXFileReference section */

/* Begin PBXFrameworksBuildPhase section */
		5A1CD96F2B3D1CA200AF0192 /* Frameworks */ = {
			isa = PBXFrameworksBuildPhase;
			buildActionMask = 2147483647;
			files = (
				5AC0B7D42B45065C00971FF9 /* GRDB in Frameworks */,
				5A1CAB4E2B4B66570063B102 /* CachedAsyncImage in Frameworks */,
			);
			runOnlyForDeploymentPostprocessing = 0;
		};
/* End PBXFrameworksBuildPhase section */

/* Begin PBXGroup section */
		5A0FDB522B48F195002FDB0C /* Models */ = {
			isa = PBXGroup;
			children = (
				5A0D89552B450ACC003420A8 /* DBPlaylist.swift */,
				5AC0B7D52B45069E00971FF9 /* DBSongMetadata.swift */,
				5AB8FC3A2B4332EE008AC7C4 /* SongSearchCriteria.swift */,
				5A2E05462B5228E100B5B8EE /* MusicServiceType.swift */,
			);
			path = Models;
			sourceTree = "<group>";
		};
		5A0FDB532B48F1B0002FDB0C /* Screens */ = {
			isa = PBXGroup;
			children = (
				5A1CD9772B3D1CA200AF0192 /* PlaylistGeneratorView.swift */,
				5A0158002B3F4A6600048E79 /* PlaylistGeneratorVM.swift */,
				5AE3F65D2B4E51F600EA8329 /* AdvancedSearchCriteriaView.swift */,
				5AE3F65F2B4E520900EA8329 /* AdvancedSearchCriteriaVM.swift */,
				5A0D89572B45160E003420A8 /* PlaylistHistoryView.swift */,
				5A0D89532B450964003420A8 /* PlaylistHistoryVM.swift */,
			);
			path = Screens;
			sourceTree = "<group>";
		};
		5A0FDB542B48F1C1002FDB0C /* Views */ = {
			isa = PBXGroup;
			children = (
				5A4BFB2C2B40A43100988D0E /* CustomProgressView.swift */,
				5A4523732B3FCC530026494C /* SongCardView.swift */,
				5A4EC66C2B4CF1DA00894E13 /* FavoriteArtistTextField.swift */,
				5A4EC66E2B4CF1EC00894E13 /* SurpriseMeButton.swift */,
				5A4EC6702B4CF1FF00894E13 /* SharePlaylistButton.swift */,
				5A7747AA2B4F761200B26A2D /* DecadePickerView.swift */,
				5A7747AC2B4F764A00B26A2D /* NumberOfSongsCounterView.swift */,
				5A8C28DC2B53116600BD12E6 /* AsyncButton.swift */,
				5A51C1B72B55AD2900AD1D51 /* TagLayoutView.swift */,
				5AFBF0CB2B5768FA006CF79E /* TagCapsuleView.swift */,
			);
			path = Views;
			sourceTree = "<group>";
		};
		5A0FDB562B48F201002FDB0C /* Extensions */ = {
			isa = PBXGroup;
			children = (
				5A0DCA192B4860E3007A0B72 /* Double+Ext.swift */,
				5A4BFB2A2B4096EF00988D0E /* Date+Ext.swift */,
				5AD5A4B02B408BE7005FC577 /* String+Ext.swift */,
				5AA3AC702B5CB09400B3BAC7 /* Array+Ext.swift */,
			);
			path = Extensions;
			sourceTree = "<group>";
		};
		5A0FDB572B48F21A002FDB0C /* Components */ = {
			isa = PBXGroup;
			children = (
				5A0158022B3F4BC800048E79 /* Buttonstyles.swift */,
			);
			path = Components;
			sourceTree = "<group>";
		};
		5A1CD9692B3D1CA200AF0192 = {
			isa = PBXGroup;
			children = (
				5A1CD9742B3D1CA200AF0192 /* Vibify */,
				5A1CD9732B3D1CA200AF0192 /* Products */,
			);
			sourceTree = "<group>";
		};
		5A1CD9732B3D1CA200AF0192 /* Products */ = {
			isa = PBXGroup;
			children = (
				5A1CD9722B3D1CA200AF0192 /* Vibify.app */,
			);
			name = Products;
			sourceTree = "<group>";
		};
		5A1CD9742B3D1CA200AF0192 /* Vibify */ = {
			isa = PBXGroup;
			children = (
				5A1CD9752B3D1CA200AF0192 /* VibifyApp.swift */,
				5AC0B7D72B4506EA00971FF9 /* DatabaseManager.swift */,
				5A4BFB2E2B40AFDC00988D0E /* SongMetaDataParser.swift */,
				5A1CD9832B3D1DC200AF0192 /* PlaylistGenerator.swift */,
				5A74F2F72B5CAB9E00042398 /* DalleGenerator.swift */,
				5A8979912B3E3944002FEEF6 /* AppleMusicImporter.swift */,
				5A7430562B5A005D000FB9BA /* API */,
				5A0FDB522B48F195002FDB0C /* Models */,
				5A0FDB532B48F1B0002FDB0C /* Screens */,
				5A0FDB542B48F1C1002FDB0C /* Views */,
				5A0FDB572B48F21A002FDB0C /* Components */,
				5A0FDB562B48F201002FDB0C /* Extensions */,
				5A1CD9882B3D234A00AF0192 /* Resources */,
			);
			path = Vibify;
			sourceTree = "<group>";
		};
		5A1CD9882B3D234A00AF0192 /* Resources */ = {
			isa = PBXGroup;
			children = (
				5A7C48852B5DBE1D0002A61E /* dalle-sample.png */,
				5A1CD9792B3D1CA300AF0192 /* Assets.xcassets */,
			);
			path = Resources;
			sourceTree = "<group>";
		};
		5A7430562B5A005D000FB9BA /* API */ = {
			isa = PBXGroup;
			children = (
				5A74305B2B5A093F000FB9BA /* Endpoint.swift */,
				5A7430592B5A00AE000FB9BA /* URLSessionNetworkService.swift */,
				5AA5E5D02B5C2B070048FE2F /* Dalle */,
				5AA5E5CF2B5C2AFE0048FE2F /* GPT */,
			);
			path = API;
			sourceTree = "<group>";
		};
		5AA5E5CF2B5C2AFE0048FE2F /* GPT */ = {
			isa = PBXGroup;
			children = (
				5A7430572B5A0089000FB9BA /* GPTEndpoint.swift */,
				5AA5E5D12B5C2B530048FE2F /* GPTResponse.swift */,
				5AA5E5D32B5C2B570048FE2F /* GPTRequest.swift */,
			);
			path = GPT;
			sourceTree = "<group>";
		};
		5AA5E5D02B5C2B070048FE2F /* Dalle */ = {
			isa = PBXGroup;
			children = (
				5A74305D2B5A0989000FB9BA /* DalleEndpoint.swift */,
				5A74305F2B5A09D1000FB9BA /* DalleRequest.swift */,
				5A7430612B5A0CD0000FB9BA /* DalleResponse.swift */,
			);
			path = Dalle;
			sourceTree = "<group>";
		};
/* End PBXGroup section */

/* Begin PBXNativeTarget section */
		5A1CD9712B3D1CA200AF0192 /* Vibify */ = {
			isa = PBXNativeTarget;
			buildConfigurationList = 5A1CD9802B3D1CA300AF0192 /* Build configuration list for PBXNativeTarget "Vibify" */;
			buildPhases = (
				5A4523722B3F72080026494C /* ShellScript */,
				5A1CD96E2B3D1CA200AF0192 /* Sources */,
				5A1CD96F2B3D1CA200AF0192 /* Frameworks */,
				5A1CD9702B3D1CA200AF0192 /* Resources */,
			);
			buildRules = (
			);
			dependencies = (
			);
			name = Vibify;
			packageProductDependencies = (
				5AC0B7D32B45065C00971FF9 /* GRDB */,
				5A1CAB4D2B4B66570063B102 /* CachedAsyncImage */,
			);
			productName = Vibify;
			productReference = 5A1CD9722B3D1CA200AF0192 /* Vibify.app */;
			productType = "com.apple.product-type.application";
		};
/* End PBXNativeTarget section */

/* Begin PBXProject section */
		5A1CD96A2B3D1CA200AF0192 /* Project object */ = {
			isa = PBXProject;
			attributes = {
				BuildIndependentTargetsInParallel = 1;
				LastSwiftUpdateCheck = 1520;
				LastUpgradeCheck = 1520;
				TargetAttributes = {
					5A1CD9712B3D1CA200AF0192 = {
						CreatedOnToolsVersion = 15.2;
					};
				};
			};
			buildConfigurationList = 5A1CD96D2B3D1CA200AF0192 /* Build configuration list for PBXProject "Vibify" */;
			compatibilityVersion = "Xcode 14.0";
			developmentRegion = en;
			hasScannedForEncodings = 0;
			knownRegions = (
				en,
				Base,
			);
			mainGroup = 5A1CD9692B3D1CA200AF0192;
			packageReferences = (
				5AC0B7D22B45065C00971FF9 /* XCRemoteSwiftPackageReference "GRDB.swift" */,
				5A1CAB4C2B4B66570063B102 /* XCRemoteSwiftPackageReference "CachedAsyncImage" */,
			);
			productRefGroup = 5A1CD9732B3D1CA200AF0192 /* Products */;
			projectDirPath = "";
			projectRoot = "";
			targets = (
				5A1CD9712B3D1CA200AF0192 /* Vibify */,
			);
		};
/* End PBXProject section */

/* Begin PBXResourcesBuildPhase section */
		5A1CD9702B3D1CA200AF0192 /* Resources */ = {
			isa = PBXResourcesBuildPhase;
			buildActionMask = 2147483647;
			files = (
				5A7C48862B5DBE1D0002A61E /* dalle-sample.png in Resources */,
				5A1CD97A2B3D1CA300AF0192 /* Assets.xcassets in Resources */,
			);
			runOnlyForDeploymentPostprocessing = 0;
		};
/* End PBXResourcesBuildPhase section */

/* Begin PBXShellScriptBuildPhase section */
		5A4523722B3F72080026494C /* ShellScript */ = {
			isa = PBXShellScriptBuildPhase;
			alwaysOutOfDate = 1;
			buildActionMask = 2147483647;
			files = (
			);
			inputFileListPaths = (
			);
			inputPaths = (
			);
			outputFileListPaths = (
			);
			outputPaths = (
			);
			runOnlyForDeploymentPostprocessing = 0;
			shellPath = /bin/sh;
			shellScript = "# Always print the root directory and environment variable to the log for debugging\necho \"SRCROOT: ${SRCROOT}\"\necho \"API_KEY (masked): ${API_KEY:0:4}********\"\n\n# Check if running in CI/CD environment (Xcode Cloud sets CI to TRUE)\nif [ \"$CI\" = \"TRUE\" ]; then\n    if [ -z \"${API_KEY}\" ]; then\n        echo \"API_KEY environment variable is not set.\"\n        exit 1\n    else\n        echo \"API_KEY environment variable is set.\"\n    fi\nelse\n    echo \"CI environment not detected, skipping script.\"\nfi\n";
		};
/* End PBXShellScriptBuildPhase section */

/* Begin PBXSourcesBuildPhase section */
		5A1CD96E2B3D1CA200AF0192 /* Sources */ = {
			isa = PBXSourcesBuildPhase;
			buildActionMask = 2147483647;
			files = (
				5A1CD9782B3D1CA200AF0192 /* PlaylistGeneratorView.swift in Sources */,
				5A7747AB2B4F761200B26A2D /* DecadePickerView.swift in Sources */,
				5A0158032B3F4BC800048E79 /* Buttonstyles.swift in Sources */,
				5A74305A2B5A00AE000FB9BA /* URLSessionNetworkService.swift in Sources */,
				5A7430602B5A09D1000FB9BA /* DalleRequest.swift in Sources */,
				5AE3F65E2B4E51F600EA8329 /* AdvancedSearchCriteriaView.swift in Sources */,
				5AC0B7D82B4506EA00971FF9 /* DatabaseManager.swift in Sources */,
				5A4EC66D2B4CF1DA00894E13 /* FavoriteArtistTextField.swift in Sources */,
				5A7430622B5A0CD0000FB9BA /* DalleResponse.swift in Sources */,
				5A7430582B5A0089000FB9BA /* GPTEndpoint.swift in Sources */,
				5A8979922B3E3944002FEEF6 /* AppleMusicImporter.swift in Sources */,
				5A7747AD2B4F764A00B26A2D /* NumberOfSongsCounterView.swift in Sources */,
				5A74305C2B5A093F000FB9BA /* Endpoint.swift in Sources */,
				5A4EC66F2B4CF1EC00894E13 /* SurpriseMeButton.swift in Sources */,
				5AA5E5D22B5C2B530048FE2F /* GPTResponse.swift in Sources */,
				5A4BFB2D2B40A43100988D0E /* CustomProgressView.swift in Sources */,
				5A2E05472B5228E100B5B8EE /* MusicServiceType.swift in Sources */,
				5A1CD9842B3D1DC200AF0192 /* PlaylistGenerator.swift in Sources */,
				5A0158012B3F4A6600048E79 /* PlaylistGeneratorVM.swift in Sources */,
				5AE3F6602B4E520900EA8329 /* AdvancedSearchCriteriaVM.swift in Sources */,
				5A1CD9762B3D1CA200AF0192 /* VibifyApp.swift in Sources */,
				5A0DCA1A2B4860E3007A0B72 /* Double+Ext.swift in Sources */,
				5AA5E5D42B5C2B570048FE2F /* GPTRequest.swift in Sources */,
				5AD5A4B12B408BE7005FC577 /* String+Ext.swift in Sources */,
				5A0D89542B450964003420A8 /* PlaylistHistoryVM.swift in Sources */,
				5AFBF0CC2B5768FA006CF79E /* TagCapsuleView.swift in Sources */,
				5A51C1B82B55AD2900AD1D51 /* TagLayoutView.swift in Sources */,
				5AA3AC712B5CB09400B3BAC7 /* Array+Ext.swift in Sources */,
				5A4BFB2F2B40AFDC00988D0E /* SongMetaDataParser.swift in Sources */,
				5A74F2F82B5CAB9E00042398 /* DalleGenerator.swift in Sources */,
				5AC0B7D62B45069E00971FF9 /* DBSongMetadata.swift in Sources */,
				5A0D89562B450ACC003420A8 /* DBPlaylist.swift in Sources */,
				5A4523742B3FCC530026494C /* SongCardView.swift in Sources */,
				5A0D89582B45160E003420A8 /* PlaylistHistoryView.swift in Sources */,
				5A8C28DD2B53116600BD12E6 /* AsyncButton.swift in Sources */,
				5A74305E2B5A0989000FB9BA /* DalleEndpoint.swift in Sources */,
				5A4EC6712B4CF1FF00894E13 /* SharePlaylistButton.swift in Sources */,
				5A4BFB2B2B4096EF00988D0E /* Date+Ext.swift in Sources */,
				5AB8FC3B2B4332EE008AC7C4 /* SongSearchCriteria.swift in Sources */,
			);
			runOnlyForDeploymentPostprocessing = 0;
		};
/* End PBXSourcesBuildPhase section */

/* Begin XCBuildConfiguration section */
		5A1CD97E2B3D1CA300AF0192 /* Debug */ = {
			isa = XCBuildConfiguration;
			buildSettings = {
				ALWAYS_SEARCH_USER_PATHS = NO;
				ASSETCATALOG_COMPILER_GENERATE_SWIFT_ASSET_SYMBOL_EXTENSIONS = YES;
				CLANG_ANALYZER_NONNULL = YES;
				CLANG_ANALYZER_NUMBER_OBJECT_CONVERSION = YES_AGGRESSIVE;
				CLANG_CXX_LANGUAGE_STANDARD = "gnu++20";
				CLANG_ENABLE_MODULES = YES;
				CLANG_ENABLE_OBJC_ARC = YES;
				CLANG_ENABLE_OBJC_WEAK = YES;
				CLANG_WARN_BLOCK_CAPTURE_AUTORELEASING = YES;
				CLANG_WARN_BOOL_CONVERSION = YES;
				CLANG_WARN_COMMA = YES;
				CLANG_WARN_CONSTANT_CONVERSION = YES;
				CLANG_WARN_DEPRECATED_OBJC_IMPLEMENTATIONS = YES;
				CLANG_WARN_DIRECT_OBJC_ISA_USAGE = YES_ERROR;
				CLANG_WARN_DOCUMENTATION_COMMENTS = YES;
				CLANG_WARN_EMPTY_BODY = YES;
				CLANG_WARN_ENUM_CONVERSION = YES;
				CLANG_WARN_INFINITE_RECURSION = YES;
				CLANG_WARN_INT_CONVERSION = YES;
				CLANG_WARN_NON_LITERAL_NULL_CONVERSION = YES;
				CLANG_WARN_OBJC_IMPLICIT_RETAIN_SELF = YES;
				CLANG_WARN_OBJC_LITERAL_CONVERSION = YES;
				CLANG_WARN_OBJC_ROOT_CLASS = YES_ERROR;
				CLANG_WARN_QUOTED_INCLUDE_IN_FRAMEWORK_HEADER = YES;
				CLANG_WARN_RANGE_LOOP_ANALYSIS = YES;
				CLANG_WARN_STRICT_PROTOTYPES = YES;
				CLANG_WARN_SUSPICIOUS_MOVE = YES;
				CLANG_WARN_UNGUARDED_AVAILABILITY = YES_AGGRESSIVE;
				CLANG_WARN_UNREACHABLE_CODE = YES;
				CLANG_WARN__DUPLICATE_METHOD_MATCH = YES;
				COPY_PHASE_STRIP = NO;
				DEBUG_INFORMATION_FORMAT = dwarf;
				ENABLE_STRICT_OBJC_MSGSEND = YES;
				ENABLE_TESTABILITY = YES;
				ENABLE_USER_SCRIPT_SANDBOXING = YES;
				GCC_C_LANGUAGE_STANDARD = gnu17;
				GCC_DYNAMIC_NO_PIC = NO;
				GCC_NO_COMMON_BLOCKS = YES;
				GCC_OPTIMIZATION_LEVEL = 0;
				GCC_PREPROCESSOR_DEFINITIONS = (
					"DEBUG=1",
					"$(inherited)",
				);
				GCC_WARN_64_TO_32_BIT_CONVERSION = YES;
				GCC_WARN_ABOUT_RETURN_TYPE = YES_ERROR;
				GCC_WARN_UNDECLARED_SELECTOR = YES;
				GCC_WARN_UNINITIALIZED_AUTOS = YES_AGGRESSIVE;
				GCC_WARN_UNUSED_FUNCTION = YES;
				GCC_WARN_UNUSED_VARIABLE = YES;
				IPHONEOS_DEPLOYMENT_TARGET = 17.0;
				LOCALIZATION_PREFERS_STRING_CATALOGS = YES;
				MTL_ENABLE_DEBUG_INFO = INCLUDE_SOURCE;
				MTL_FAST_MATH = YES;
				ONLY_ACTIVE_ARCH = YES;
				SDKROOT = iphoneos;
				SWIFT_ACTIVE_COMPILATION_CONDITIONS = "DEBUG $(inherited)";
				SWIFT_OPTIMIZATION_LEVEL = "-Onone";
			};
			name = Debug;
		};
		5A1CD97F2B3D1CA300AF0192 /* Release */ = {
			isa = XCBuildConfiguration;
			buildSettings = {
				ALWAYS_SEARCH_USER_PATHS = NO;
				ASSETCATALOG_COMPILER_GENERATE_SWIFT_ASSET_SYMBOL_EXTENSIONS = YES;
				CLANG_ANALYZER_NONNULL = YES;
				CLANG_ANALYZER_NUMBER_OBJECT_CONVERSION = YES_AGGRESSIVE;
				CLANG_CXX_LANGUAGE_STANDARD = "gnu++20";
				CLANG_ENABLE_MODULES = YES;
				CLANG_ENABLE_OBJC_ARC = YES;
				CLANG_ENABLE_OBJC_WEAK = YES;
				CLANG_WARN_BLOCK_CAPTURE_AUTORELEASING = YES;
				CLANG_WARN_BOOL_CONVERSION = YES;
				CLANG_WARN_COMMA = YES;
				CLANG_WARN_CONSTANT_CONVERSION = YES;
				CLANG_WARN_DEPRECATED_OBJC_IMPLEMENTATIONS = YES;
				CLANG_WARN_DIRECT_OBJC_ISA_USAGE = YES_ERROR;
				CLANG_WARN_DOCUMENTATION_COMMENTS = YES;
				CLANG_WARN_EMPTY_BODY = YES;
				CLANG_WARN_ENUM_CONVERSION = YES;
				CLANG_WARN_INFINITE_RECURSION = YES;
				CLANG_WARN_INT_CONVERSION = YES;
				CLANG_WARN_NON_LITERAL_NULL_CONVERSION = YES;
				CLANG_WARN_OBJC_IMPLICIT_RETAIN_SELF = YES;
				CLANG_WARN_OBJC_LITERAL_CONVERSION = YES;
				CLANG_WARN_OBJC_ROOT_CLASS = YES_ERROR;
				CLANG_WARN_QUOTED_INCLUDE_IN_FRAMEWORK_HEADER = YES;
				CLANG_WARN_RANGE_LOOP_ANALYSIS = YES;
				CLANG_WARN_STRICT_PROTOTYPES = YES;
				CLANG_WARN_SUSPICIOUS_MOVE = YES;
				CLANG_WARN_UNGUARDED_AVAILABILITY = YES_AGGRESSIVE;
				CLANG_WARN_UNREACHABLE_CODE = YES;
				CLANG_WARN__DUPLICATE_METHOD_MATCH = YES;
				COPY_PHASE_STRIP = NO;
				DEBUG_INFORMATION_FORMAT = "dwarf-with-dsym";
				ENABLE_NS_ASSERTIONS = NO;
				ENABLE_STRICT_OBJC_MSGSEND = YES;
				ENABLE_USER_SCRIPT_SANDBOXING = YES;
				GCC_C_LANGUAGE_STANDARD = gnu17;
				GCC_NO_COMMON_BLOCKS = YES;
				GCC_WARN_64_TO_32_BIT_CONVERSION = YES;
				GCC_WARN_ABOUT_RETURN_TYPE = YES_ERROR;
				GCC_WARN_UNDECLARED_SELECTOR = YES;
				GCC_WARN_UNINITIALIZED_AUTOS = YES_AGGRESSIVE;
				GCC_WARN_UNUSED_FUNCTION = YES;
				GCC_WARN_UNUSED_VARIABLE = YES;
				IPHONEOS_DEPLOYMENT_TARGET = 17.0;
				LOCALIZATION_PREFERS_STRING_CATALOGS = YES;
				MTL_ENABLE_DEBUG_INFO = NO;
				MTL_FAST_MATH = YES;
				SDKROOT = iphoneos;
				SWIFT_COMPILATION_MODE = wholemodule;
				VALIDATE_PRODUCT = YES;
			};
			name = Release;
		};
		5A1CD9812B3D1CA300AF0192 /* Debug */ = {
			isa = XCBuildConfiguration;
			buildSettings = {
				ASSETCATALOG_COMPILER_APPICON_NAME = AppIcon;
				ASSETCATALOG_COMPILER_GLOBAL_ACCENT_COLOR_NAME = AccentColor;
				CODE_SIGN_STYLE = Automatic;
				CURRENT_PROJECT_VERSION = 1;
				DEVELOPMENT_TEAM = P4DQK6SRKR;
				ENABLE_PREVIEWS = YES;
				GENERATE_INFOPLIST_FILE = YES;
				INFOPLIST_KEY_NSAppleMusicUsageDescription = "We need access to your Apple Music account to add new playlists";
				INFOPLIST_KEY_UIApplicationSceneManifest_Generation = YES;
				INFOPLIST_KEY_UIApplicationSupportsIndirectInputEvents = YES;
				INFOPLIST_KEY_UILaunchScreen_Generation = YES;
				INFOPLIST_KEY_UISupportedInterfaceOrientations_iPad = "UIInterfaceOrientationPortrait UIInterfaceOrientationPortraitUpsideDown UIInterfaceOrientationLandscapeLeft UIInterfaceOrientationLandscapeRight";
				INFOPLIST_KEY_UISupportedInterfaceOrientations_iPhone = "UIInterfaceOrientationPortrait UIInterfaceOrientationLandscapeLeft UIInterfaceOrientationLandscapeRight";
				IPHONEOS_DEPLOYMENT_TARGET = 17.0;
				LD_RUNPATH_SEARCH_PATHS = (
					"$(inherited)",
					"@executable_path/Frameworks",
				);
				MARKETING_VERSION = 1.0;
				PRODUCT_BUNDLE_IDENTIFIER = com.marcusziade.Vibify.app;
				PRODUCT_NAME = "$(TARGET_NAME)";
				SWIFT_EMIT_LOC_STRINGS = YES;
				SWIFT_VERSION = 5.0;
				TARGETED_DEVICE_FAMILY = "1,2";
			};
			name = Debug;
		};
		5A1CD9822B3D1CA300AF0192 /* Release */ = {
			isa = XCBuildConfiguration;
			buildSettings = {
				ASSETCATALOG_COMPILER_APPICON_NAME = AppIcon;
				ASSETCATALOG_COMPILER_GLOBAL_ACCENT_COLOR_NAME = AccentColor;
				CODE_SIGN_STYLE = Automatic;
				CURRENT_PROJECT_VERSION = 1;
				DEVELOPMENT_TEAM = P4DQK6SRKR;
				ENABLE_PREVIEWS = YES;
				GENERATE_INFOPLIST_FILE = YES;
				INFOPLIST_KEY_NSAppleMusicUsageDescription = "We need access to your Apple Music account to add new playlists";
				INFOPLIST_KEY_UIApplicationSceneManifest_Generation = YES;
				INFOPLIST_KEY_UIApplicationSupportsIndirectInputEvents = YES;
				INFOPLIST_KEY_UILaunchScreen_Generation = YES;
				INFOPLIST_KEY_UISupportedInterfaceOrientations_iPad = "UIInterfaceOrientationPortrait UIInterfaceOrientationPortraitUpsideDown UIInterfaceOrientationLandscapeLeft UIInterfaceOrientationLandscapeRight";
				INFOPLIST_KEY_UISupportedInterfaceOrientations_iPhone = "UIInterfaceOrientationPortrait UIInterfaceOrientationLandscapeLeft UIInterfaceOrientationLandscapeRight";
				IPHONEOS_DEPLOYMENT_TARGET = 17.0;
				LD_RUNPATH_SEARCH_PATHS = (
					"$(inherited)",
					"@executable_path/Frameworks",
				);
				MARKETING_VERSION = 1.0;
				PRODUCT_BUNDLE_IDENTIFIER = com.marcusziade.Vibify.app;
				PRODUCT_NAME = "$(TARGET_NAME)";
				SWIFT_EMIT_LOC_STRINGS = YES;
				SWIFT_VERSION = 5.0;
				TARGETED_DEVICE_FAMILY = "1,2";
			};
			name = Release;
		};
/* End XCBuildConfiguration section */

/* Begin XCConfigurationList section */
		5A1CD96D2B3D1CA200AF0192 /* Build configuration list for PBXProject "Vibify" */ = {
			isa = XCConfigurationList;
			buildConfigurations = (
				5A1CD97E2B3D1CA300AF0192 /* Debug */,
				5A1CD97F2B3D1CA300AF0192 /* Release */,
			);
			defaultConfigurationIsVisible = 0;
			defaultConfigurationName = Release;
		};
		5A1CD9802B3D1CA300AF0192 /* Build configuration list for PBXNativeTarget "Vibify" */ = {
			isa = XCConfigurationList;
			buildConfigurations = (
				5A1CD9812B3D1CA300AF0192 /* Debug */,
				5A1CD9822B3D1CA300AF0192 /* Release */,
			);
			defaultConfigurationIsVisible = 0;
			defaultConfigurationName = Release;
		};
/* End XCConfigurationList section */

/* Begin XCRemoteSwiftPackageReference section */
		5A1CAB4C2B4B66570063B102 /* XCRemoteSwiftPackageReference "CachedAsyncImage" */ = {
			isa = XCRemoteSwiftPackageReference;
			repositoryURL = "https://github.com/marcusziade/CachedAsyncImage.git";
			requirement = {
				branch = master;
				kind = branch;
			};
		};
		5AC0B7D22B45065C00971FF9 /* XCRemoteSwiftPackageReference "GRDB.swift" */ = {
			isa = XCRemoteSwiftPackageReference;
			repositoryURL = "https://github.com/groue/GRDB.swift.git";
			requirement = {
				branch = master;
				kind = branch;
			};
		};
/* End XCRemoteSwiftPackageReference section */

/* Begin XCSwiftPackageProductDependency section */
		5A1CAB4D2B4B66570063B102 /* CachedAsyncImage */ = {
			isa = XCSwiftPackageProductDependency;
			package = 5A1CAB4C2B4B66570063B102 /* XCRemoteSwiftPackageReference "CachedAsyncImage" */;
			productName = CachedAsyncImage;
		};
		5AC0B7D32B45065C00971FF9 /* GRDB */ = {
			isa = XCSwiftPackageProductDependency;
			package = 5AC0B7D22B45065C00971FF9 /* XCRemoteSwiftPackageReference "GRDB.swift" */;
			productName = GRDB;
		};
/* End XCSwiftPackageProductDependency section */
	};
	rootObject = 5A1CD96A2B3D1CA200AF0192 /* Project object */;
}
